// !$*UTF8*$!
{
	archiveVersion = 1;
	classes = {
	};
	objectVersion = 46;
	objects = {

/* Begin PBXBuildFile section */
		5F7FADED1A944CD000CEF622 /* AppDelegate.m in Sources */ = {isa = PBXBuildFile; fileRef = 5F7FADE01A944CCF00CEF622 /* AppDelegate.m */; };
		5F7FADEE1A944CD000CEF622 /* LaunchScreen.xib in Resources */ = {isa = PBXBuildFile; fileRef = 5F7FADE21A944CCF00CEF622 /* LaunchScreen.xib */; };
		5F7FADEF1A944CD000CEF622 /* Main.storyboard in Resources */ = {isa = PBXBuildFile; fileRef = 5F7FADE41A944CCF00CEF622 /* Main.storyboard */; };
		5F7FADF11A944CD000CEF622 /* Images.xcassets in Resources */ = {isa = PBXBuildFile; fileRef = 5F7FADE81A944CCF00CEF622 /* Images.xcassets */; };
		5F7FADF31A944CD000CEF622 /* main.m in Sources */ = {isa = PBXBuildFile; fileRef = 5F7FADEA1A944CCF00CEF622 /* main.m */; };
		5F7FADF41A944CD000CEF622 /* ViewController.m in Sources */ = {isa = PBXBuildFile; fileRef = 5F7FADEC1A944CD000CEF622 /* ViewController.m */; };
		5F7FADF81A944D1800CEF622 /* BounceView.m in Sources */ = {isa = PBXBuildFile; fileRef = 5F7FADF71A944D1800CEF622 /* BounceView.m */; };
		5F7FADFA1A944EC300CEF622 /* Info.plist in Resources */ = {isa = PBXBuildFile; fileRef = 5F7FADF91A944EC300CEF622 /* Info.plist */; };
/* End PBXBuildFile section */

/* Begin PBXFileReference section */
		5F7FADA21A930DEA00CEF622 /* KYBezierBounceView.app */ = {isa = PBXFileReference; explicitFileType = wrapper.application; includeInIndex = 0; path = KYBezierBounceView.app; sourceTree = BUILT_PRODUCTS_DIR; };
		5F7FADDF1A944CCF00CEF622 /* AppDelegate.h */ = {isa = PBXFileReference; fileEncoding = 4; lastKnownFileType = sourcecode.c.h; name = AppDelegate.h; path = KYBezierBounceViewDemo/AppDelegate.h; sourceTree = SOURCE_ROOT; };
		5F7FADE01A944CCF00CEF622 /* AppDelegate.m */ = {isa = PBXFileReference; fileEncoding = 4; lastKnownFileType = sourcecode.c.objc; name = AppDelegate.m; path = KYBezierBounceViewDemo/AppDelegate.m; sourceTree = SOURCE_ROOT; };
		5F7FADE31A944CCF00CEF622 /* Base */ = {isa = PBXFileReference; lastKnownFileType = file.xib; name = Base; path = LaunchScreen.xib; sourceTree = "<group>"; };
		5F7FADE51A944CCF00CEF622 /* Base */ = {isa = PBXFileReference; lastKnownFileType = file.storyboard; name = Base; path = Main.storyboard; sourceTree = "<group>"; };
		5F7FADE81A944CCF00CEF622 /* Images.xcassets */ = {isa = PBXFileReference; lastKnownFileType = folder.assetcatalog; name = Images.xcassets; path = KYBezierBounceViewDemo/Images.xcassets; sourceTree = SOURCE_ROOT; };
		5F7FADEA1A944CCF00CEF622 /* main.m */ = {isa = PBXFileReference; fileEncoding = 4; lastKnownFileType = sourcecode.c.objc; name = main.m; path = KYBezierBounceViewDemo/main.m; sourceTree = SOURCE_ROOT; };
		5F7FADEB1A944CCF00CEF622 /* ViewController.h */ = {isa = PBXFileReference; fileEncoding = 4; lastKnownFileType = sourcecode.c.h; name = ViewController.h; path = KYBezierBounceViewDemo/ViewController.h; sourceTree = SOURCE_ROOT; };
		5F7FADEC1A944CD000CEF622 /* ViewController.m */ = {isa = PBXFileReference; fileEncoding = 4; lastKnownFileType = sourcecode.c.objc; name = ViewController.m; path = KYBezierBounceViewDemo/ViewController.m; sourceTree = SOURCE_ROOT; };
		5F7FADF61A944D1800CEF622 /* BounceView.h */ = {isa = PBXFileReference; fileEncoding = 4; lastKnownFileType = sourcecode.c.h; path = BounceView.h; sourceTree = "<group>"; };
		5F7FADF71A944D1800CEF622 /* BounceView.m */ = {isa = PBXFileReference; fileEncoding = 4; lastKnownFileType = sourcecode.c.objc; path = BounceView.m; sourceTree = "<group>"; };
		5F7FADF91A944EC300CEF622 /* Info.plist */ = {isa = PBXFileReference; fileEncoding = 4; lastKnownFileType = text.plist.xml; path = Info.plist; sourceTree = SOURCE_ROOT; };
/* End PBXFileReference section */

/* Begin PBXFrameworksBuildPhase section */
		5F7FAD9F1A930DEA00CEF622 /* Frameworks */ = {
			isa = PBXFrameworksBuildPhase;
			buildActionMask = 2147483647;
			files = (
			);
			runOnlyForDeploymentPostprocessing = 0;
		};
/* End PBXFrameworksBuildPhase section */

/* Begin PBXGroup section */
		5F7FAD991A930DEA00CEF622 = {
			isa = PBXGroup;
			children = (
				5F7FADA41A930DEA00CEF622 /* KYBezierBounceView */,
				5F7FADA31A930DEA00CEF622 /* Products */,
			);
			sourceTree = "<group>";
		};
		5F7FADA31A930DEA00CEF622 /* Products */ = {
			isa = PBXGroup;
			children = (
				5F7FADA21A930DEA00CEF622 /* KYBezierBounceView.app */,
			);
			name = Products;
			sourceTree = "<group>";
		};
		5F7FADA41A930DEA00CEF622 /* KYBezierBounceView */ = {
			isa = PBXGroup;
			children = (
				5F7FADF51A944D1800CEF622 /* BounceView */,
				5F7FADDF1A944CCF00CEF622 /* AppDelegate.h */,
				5F7FADE01A944CCF00CEF622 /* AppDelegate.m */,
				5F7FADE41A944CCF00CEF622 /* Main.storyboard */,
				5F7FADEB1A944CCF00CEF622 /* ViewController.h */,
				5F7FADEC1A944CD000CEF622 /* ViewController.m */,
				5F7FADE81A944CCF00CEF622 /* Images.xcassets */,
				5F7FADE21A944CCF00CEF622 /* LaunchScreen.xib */,
				5F7FADF91A944EC300CEF622 /* Info.plist */,
				5F7FADA51A930DEA00CEF622 /* Supporting Files */,
			);
			path = KYBezierBounceView;
			sourceTree = "<group>";
		};
		5F7FADA51A930DEA00CEF622 /* Supporting Files */ = {
			isa = PBXGroup;
			children = (
				5F7FADEA1A944CCF00CEF622 /* main.m */,
			);
			name = "Supporting Files";
			sourceTree = "<group>";
		};
		5F7FADF51A944D1800CEF622 /* BounceView */ = {
			isa = PBXGroup;
			children = (
				5F7FADF61A944D1800CEF622 /* BounceView.h */,
				5F7FADF71A944D1800CEF622 /* BounceView.m */,
			);
			path = BounceView;
			sourceTree = SOURCE_ROOT;
		};
/* End PBXGroup section */

/* Begin PBXNativeTarget section */
		5F7FADA11A930DEA00CEF622 /* KYBezierBounceView */ = {
			isa = PBXNativeTarget;
			buildConfigurationList = 5F7FADC51A930DEA00CEF622 /* Build configuration list for PBXNativeTarget "KYBezierBounceView" */;
			buildPhases = (
				5F7FAD9E1A930DEA00CEF622 /* Sources */,
				5F7FAD9F1A930DEA00CEF622 /* Frameworks */,
				5F7FADA01A930DEA00CEF622 /* Resources */,
			);
			buildRules = (
			);
			dependencies = (
			);
			name = KYBezierBounceView;
			productName = KYBezierBounceView;
			productReference = 5F7FADA21A930DEA00CEF622 /* KYBezierBounceView.app */;
			productType = "com.apple.product-type.application";
		};
/* End PBXNativeTarget section */

/* Begin PBXProject section */
		5F7FAD9A1A930DEA00CEF622 /* Project object */ = {
			isa = PBXProject;
			attributes = {
				LastUpgradeCheck = 0610;
				ORGANIZATIONNAME = "Kitten Yang";
				TargetAttributes = {
					5F7FADA11A930DEA00CEF622 = {
						CreatedOnToolsVersion = 6.1.1;
					};
				};
			};
			buildConfigurationList = 5F7FAD9D1A930DEA00CEF622 /* Build configuration list for PBXProject "KYBezierBounceView" */;
			compatibilityVersion = "Xcode 3.2";
			developmentRegion = English;
			hasScannedForEncodings = 0;
			knownRegions = (
				en,
				Base,
			);
			mainGroup = 5F7FAD991A930DEA00CEF622;
			productRefGroup = 5F7FADA31A930DEA00CEF622 /* Products */;
			projectDirPath = "";
			projectRoot = "";
			targets = (
				5F7FADA11A930DEA00CEF622 /* KYBezierBounceView */,
			);
		};
/* End PBXProject section */

/* Begin PBXResourcesBuildPhase section */
		5F7FADA01A930DEA00CEF622 /* Resources */ = {
			isa = PBXResourcesBuildPhase;
			buildActionMask = 2147483647;
			files = (
				5F7FADEE1A944CD000CEF622 /* LaunchScreen.xib in Resources */,
				5F7FADEF1A944CD000CEF622 /* Main.storyboard in Resources */,
				5F7FADF11A944CD000CEF622 /* Images.xcassets in Resources */,
				5F7FADFA1A944EC300CEF622 /* Info.plist in Resources */,
			);
			runOnlyForDeploymentPostprocessing = 0;
		};
/* End PBXResourcesBuildPhase section */

/* Begin PBXSourcesBuildPhase section */
		5F7FAD9E1A930DEA00CEF622 /* Sources */ = {
			isa = PBXSourcesBuildPhase;
			buildActionMask = 2147483647;
			files = (
				5F7FADF81A944D1800CEF622 /* BounceView.m in Sources */,
				5F7FADF41A944CD000CEF622 /* ViewController.m in Sources */,
				5F7FADF31A944CD000CEF622 /* main.m in Sources */,
				5F7FADED1A944CD000CEF622 /* AppDelegate.m in Sources */,
			);
			runOnlyForDeploymentPostprocessing = 0;
		};
/* End PBXSourcesBuildPhase section */

/* Begin PBXVariantGroup section */
		5F7FADE21A944CCF00CEF622 /* LaunchScreen.xib */ = {
			isa = PBXVariantGroup;
			children = (
				5F7FADE31A944CCF00CEF622 /* Base */,
			);
			name = LaunchScreen.xib;
			path = KYBezierBounceViewDemo/Base.lproj;
			sourceTree = SOURCE_ROOT;
		};
		5F7FADE41A944CCF00CEF622 /* Main.storyboard */ = {
			isa = PBXVariantGroup;
			children = (
				5F7FADE51A944CCF00CEF622 /* Base */,
			);
			name = Main.storyboard;
			path = KYBezierBounceViewDemo/Base.lproj;
			sourceTree = SOURCE_ROOT;
		};
/* End PBXVariantGroup section */

/* Begin XCBuildConfiguration section */
		5F7FADC31A930DEA00CEF622 /* Debug */ = {
			isa = XCBuildConfiguration;
			buildSettings = {
				ALWAYS_SEARCH_USER_PATHS = NO;
				CLANG_CXX_LANGUAGE_STANDARD = "gnu++0x";
				CLANG_CXX_LIBRARY = "libc++";
				CLANG_ENABLE_MODULES = YES;
				CLANG_ENABLE_OBJC_ARC = YES;
				CLANG_WARN_BOOL_CONVERSION = YES;
				CLANG_WARN_CONSTANT_CONVERSION = YES;
				CLANG_WARN_DIRECT_OBJC_ISA_USAGE = YES_ERROR;
				CLANG_WARN_EMPTY_BODY = YES;
				CLANG_WARN_ENUM_CONVERSION = YES;
				CLANG_WARN_INT_CONVERSION = YES;
				CLANG_WARN_OBJC_ROOT_CLASS = YES_ERROR;
				CLANG_WARN_UNREACHABLE_CODE = YES;
				CLANG_WARN__DUPLICATE_METHOD_MATCH = YES;
				"CODE_SIGN_IDENTITY[sdk=iphoneos*]" = "iPhone Developer";
				COPY_PHASE_STRIP = NO;
				ENABLE_STRICT_OBJC_MSGSEND = YES;
				GCC_C_LANGUAGE_STANDARD = gnu99;
				GCC_DYNAMIC_NO_PIC = NO;
				GCC_OPTIMIZATION_LEVEL = 0;
				GCC_PREPROCESSOR_DEFINITIONS = (
					"DEBUG=1",
					"$(inherited)",
				);
				GCC_SYMBOLS_PRIVATE_EXTERN = NO;
				GCC_WARN_64_TO_32_BIT_CONVERSION = YES;
				GCC_WARN_ABOUT_RETURN_TYPE = YES_ERROR;
				GCC_WARN_UNDECLARED_SELECTOR = YES;
				GCC_WARN_UNINITIALIZED_AUTOS = YES_AGGRESSIVE;
				GCC_WARN_UNUSED_FUNCTION = YES;
				GCC_WARN_UNUSED_VARIABLE = YES;
				IPHONEOS_DEPLOYMENT_TARGET = 8.1;
				MTL_ENABLE_DEBUG_INFO = YES;
				ONLY_ACTIVE_ARCH = YES;
				SDKROOT = iphoneos;
			};
			name = Debug;
		};
		5F7FADC41A930DEA00CEF622 /* Release */ = {
			isa = XCBuildConfiguration;
			buildSettings = {
				ALWAYS_SEARCH_USER_PATHS = NO;
				CLANG_CXX_LANGUAGE_STANDARD = "gnu++0x";
				CLANG_CXX_LIBRARY = "libc++";
				CLANG_ENABLE_MODULES = YES;
				CLANG_ENABLE_OBJC_ARC = YES;
				CLANG_WARN_BOOL_CONVERSION = YES;
				CLANG_WARN_CONSTANT_CONVERSION = YES;
				CLANG_WARN_DIRECT_OBJC_ISA_USAGE = YES_ERROR;
				CLANG_WARN_EMPTY_BODY = YES;
				CLANG_WARN_ENUM_CONVERSION = YES;
				CLANG_WARN_INT_CONVERSION = YES;
				CLANG_WARN_OBJC_ROOT_CLASS = YES_ERROR;
				CLANG_WARN_UNREACHABLE_CODE = YES;
				CLANG_WARN__DUPLICATE_METHOD_MATCH = YES;
				"CODE_SIGN_IDENTITY[sdk=iphoneos*]" = "iPhone Developer";
				COPY_PHASE_STRIP = YES;
				ENABLE_NS_ASSERTIONS = NO;
				ENABLE_STRICT_OBJC_MSGSEND = YES;
				GCC_C_LANGUAGE_STANDARD = gnu99;
				GCC_WARN_64_TO_32_BIT_CONVERSION = YES;
				GCC_WARN_ABOUT_RETURN_TYPE = YES_ERROR;
				GCC_WARN_UNDECLARED_SELECTOR = YES;
				GCC_WARN_UNINITIALIZED_AUTOS = YES_AGGRESSIVE;
				GCC_WARN_UNUSED_FUNCTION = YES;
				GCC_WARN_UNUSED_VARIABLE = YES;
				IPHONEOS_DEPLOYMENT_TARGET = 8.1;
				MTL_ENABLE_DEBUG_INFO = NO;
				SDKROOT = iphoneos;
				VALIDATE_PRODUCT = YES;
			};
			name = Release;
		};
		5F7FADC61A930DEA00CEF622 /* Debug */ = {
			isa = XCBuildConfiguration;
			buildSettings = {
				ASSETCATALOG_COMPILER_APPICON_NAME = AppIcon;
				CODE_SIGN_IDENTITY = "iPhone Developer: Xinyu Li (XWYND9KE57)";
				INFOPLIST_FILE = Info.plist;
				LD_RUNPATH_SEARCH_PATHS = "$(inherited) @executable_path/Frameworks";
				PRODUCT_NAME = "$(TARGET_NAME)";
			};
			name = Debug;
		};
		5F7FADC71A930DEA00CEF622 /* Release */ = {
			isa = XCBuildConfiguration;
			buildSettings = {
				ASSETCATALOG_COMPILER_APPICON_NAME = AppIcon;
				INFOPLIST_FILE = Info.plist;
				LD_RUNPATH_SEARCH_PATHS = "$(inherited) @executable_path/Frameworks";
				PRODUCT_NAME = "$(TARGET_NAME)";
			};
			name = Release;
		};
/* End XCBuildConfiguration section */

/* Begin XCConfigurationList section */
		5F7FAD9D1A930DEA00CEF622 /* Build configuration list for PBXProject "KYBezierBounceView" */ = {
			isa = XCConfigurationList;
			buildConfigurations = (
				5F7FADC31A930DEA00CEF622 /* Debug */,
				5F7FADC41A930DEA00CEF622 /* Release */,
			);
			defaultConfigurationIsVisible = 0;
			defaultConfigurationName = Release;
		};
		5F7FADC51A930DEA00CEF622 /* Build configuration list for PBXNativeTarget "KYBezierBounceView" */ = {
			isa = XCConfigurationList;
			buildConfigurations = (
				5F7FADC61A930DEA00CEF622 /* Debug */,
				5F7FADC71A930DEA00CEF622 /* Release */,
			);
			defaultConfigurationIsVisible = 0;
			defaultConfigurationName = Release;
		};
/* End XCConfigurationList section */
	};
	rootObject = 5F7FAD9A1A930DEA00CEF622 /* Project object */;
}
